
Microsoft Visual Studio Solution File, Format Version 12.00
# Visual Studio Version 17
VisualStudioVersion = 17.10.35122.118
MinimumVisualStudioVersion = 10.0.40219.1
Project("{9A19103F-16F7-4668-BE54-9A1E7A4F7556}") = "WpfApp5", "WpfApp5.csproj", "{D48D08B2-DD64-4B0A-887E-04A32E8C7844}"
EndProject
Project("{FAE04EC0-301F-11D3-BF4B-00C04F79EFBC}") = "TestProject2", "..\TestProject2\TestProject2.csproj", "{779EF864-D9B5-4669-8462-7982A0C2044F}"
EndProject
Global
	GlobalSection(SolutionConfigurationPlatforms) = preSolution
		Debug|Any CPU = Debug|Any CPU
		Release|Any CPU = Release|Any CPU
	EndGlobalSection
	GlobalSection(ProjectConfigurationPlatforms) = postSolution
		{D48D08B2-DD64-4B0A-887E-04A32E8C7844}.Debug|Any CPU.ActiveCfg = Debug|Any CPU
		{D48D08B2-DD64-4B0A-887E-04A32E8C7844}.Debug|Any CPU.Build.0 = Debug|Any CPU
		{D48D08B2-DD64-4B0A-887E-04A32E8C7844}.Release|Any CPU.ActiveCfg = Release|Any CPU
		{D48D08B2-DD64-4B0A-887E-04A32E8C7844}.Release|Any CPU.Build.0 = Release|Any CPU
		{779EF864-D9B5-4669-8462-7982A0C2044F}.Debug|Any CPU.ActiveCfg = Debug|Any CPU
		{779EF864-D9B5-4669-8462-7982A0C2044F}.Debug|Any CPU.Build.0 = Debug|Any CPU
		{779EF864-D9B5-4669-8462-7982A0C2044F}.Release|Any CPU.ActiveCfg = Release|Any CPU
		{779EF864-D9B5-4669-8462-7982A0C2044F}.Release|Any CPU.Build.0 = Release|Any CPU
	EndGlobalSection
	GlobalSection(SolutionProperties) = preSolution
		HideSolutionNode = FALSE
	EndGlobalSection
	GlobalSection(ExtensibilityGlobals) = postSolution
		SolutionGuid = {9ECD4DB3-CF77-40BB-A64D-AB4DE8EF4A91}
	EndGlobalSection
EndGlobal
